{
  "name": "hexo-material",
  "version": "1.5.2",
  "lockfileVersion": 1,
  "requires": true,
  "dependencies": {
    "semantic-ui-form": {
      "version": "2.4.0",
      "resolved": "https://registry.npmjs.org/semantic-ui-form/-/semantic-ui-form-2.4.0.tgz",
      "integrity": "sha512-cQNxNMlajh/O2aGI7G1+Y9xNEc4BH7JGLezl3Y/G0bcKCaiB7EFfVMvjlRyjbtVhRh2hmKKp5eHDEovnDtwe0Q=="
    }
  }
}
